
Microsoft Visual Studio Solution File, Format Version 12.00
# Visual Studio Version 16
VisualStudioVersion = 16.0.29409.12
MinimumVisualStudioVersion = 10.0.40219.1
Project("{FAE04EC0-301F-11D3-BF4B-00C04F79EFBC}") = "AssTask4", "AssTask4\AssTask4.csproj", "{C97F4B67-D3B2-4436-A791-82A007C35C82}"
EndProject
Global
	GlobalSection(SolutionConfigurationPlatforms) = preSolution
		Debug|Any CPU = Debug|Any CPU
		Release|Any CPU = Release|Any CPU
	EndGlobalSection
	GlobalSection(ProjectConfigurationPlatforms) = postSolution
		{C97F4B67-D3B2-4436-A791-82A007C35C82}.Debug|Any CPU.ActiveCfg = Debug|Any CPU
		{C97F4B67-D3B2-4436-A791-82A007C35C82}.Debug|Any CPU.Build.0 = Debug|Any CPU
		{C97F4B67-D3B2-4436-A791-82A007C35C82}.Release|Any CPU.ActiveCfg = Release|Any CPU
		{C97F4B67-D3B2-4436-A791-82A007C35C82}.Release|Any CPU.Build.0 = Release|Any CPU
	EndGlobalSection
	GlobalSection(SolutionProperties) = preSolution
		HideSolutionNode = FALSE
	EndGlobalSection
	GlobalSection(ExtensibilityGlobals) = postSolution
		SolutionGuid = {2F36E66C-5B18-49E6-BB06-68A2C7A5AE7F}
	EndGlobalSection
EndGlobal
