
Microsoft Visual Studio Solution File, Format Version 12.00
# Visual Studio Version 16
VisualStudioVersion = 16.0.29409.12
MinimumVisualStudioVersion = 10.0.40219.1
Project("{FAE04EC0-301F-11D3-BF4B-00C04F79EFBC}") = "AssTask1", "AssTask1\AssTask1.csproj", "{4C8599BC-77EA-4569-8627-F1816E0B3EF5}"
EndProject
Global
	GlobalSection(SolutionConfigurationPlatforms) = preSolution
		Debug|Any CPU = Debug|Any CPU
		Release|Any CPU = Release|Any CPU
	EndGlobalSection
	GlobalSection(ProjectConfigurationPlatforms) = postSolution
		{4C8599BC-77EA-4569-8627-F1816E0B3EF5}.Debug|Any CPU.ActiveCfg = Debug|Any CPU
		{4C8599BC-77EA-4569-8627-F1816E0B3EF5}.Debug|Any CPU.Build.0 = Debug|Any CPU
		{4C8599BC-77EA-4569-8627-F1816E0B3EF5}.Release|Any CPU.ActiveCfg = Release|Any CPU
		{4C8599BC-77EA-4569-8627-F1816E0B3EF5}.Release|Any CPU.Build.0 = Release|Any CPU
	EndGlobalSection
	GlobalSection(SolutionProperties) = preSolution
		HideSolutionNode = FALSE
	EndGlobalSection
	GlobalSection(ExtensibilityGlobals) = postSolution
		SolutionGuid = {98B23614-BA1C-4434-B110-0AAA310064FE}
	EndGlobalSection
EndGlobal
